
Microsoft Visual Studio Solution File, Format Version 12.00
# Visual Studio Version 16
VisualStudioVersion = 16.0.31624.102
MinimumVisualStudioVersion = 10.0.40219.1
Project("{2150E333-8FDC-42A3-9474-1A3956D46DE8}") = "Web", "Web", "{6F2AD598-9601-470E-97FD-B2BD4FDA375D}"
EndProject
Project("{2150E333-8FDC-42A3-9474-1A3956D46DE8}") = "Infrastructure", "Infrastructure", "{C0BD20CC-4700-40D0-91DF-F1D3BABE109F}"
EndProject
Project("{2150E333-8FDC-42A3-9474-1A3956D46DE8}") = "Core", "Core", "{F3B909C1-38DA-4575-9E20-EBE362D00E77}"
EndProject
Project("{2150E333-8FDC-42A3-9474-1A3956D46DE8}") = "BusinessRules", "BusinessRules", "{19203211-26C7-4FA4-B957-9853D2025232}"
EndProject
Project("{2150E333-8FDC-42A3-9474-1A3956D46DE8}") = "Shared", "Shared", "{D73B638E-21CC-46E5-A166-87CD356BF239}"
EndProject
Project("{FAE04EC0-301F-11D3-BF4B-00C04F79EFBC}") = "Galicia.Test.Shared", "Galicia.Test.Shared\Galicia.Test.Shared.csproj", "{7EA43358-FB44-4A39-9E91-7DE2AE922F25}"
EndProject
Project("{FAE04EC0-301F-11D3-BF4B-00C04F79EFBC}") = "Galicia.Test.Infrastructure", "Galicia.Test.Infrastructure\Galicia.Test.Infrastructure.csproj", "{E64A31ED-203F-43AC-A152-E3047AB76296}"
EndProject
Project("{FAE04EC0-301F-11D3-BF4B-00C04F79EFBC}") = "Galicia.Test.BusinessRules", "Galicia.Test.BusinessRules\Galicia.Test.BusinessRules.csproj", "{BBAD1ED5-526F-44A8-BDF0-DD5648ABC04A}"
EndProject
Project("{FAE04EC0-301F-11D3-BF4B-00C04F79EFBC}") = "Galicia.Test.BusinessRules.Implementation", "Galicia.Test.BusinessRules.Implementation\Galicia.Test.BusinessRules.Implementation.csproj", "{CAF7F520-1FDC-417F-8155-85D658B6D0C8}"
EndProject
Project("{FAE04EC0-301F-11D3-BF4B-00C04F79EFBC}") = "Galicia.Test.Core", "Galicia.Test.Core\Galicia.Test.Core.csproj", "{43F8D2F0-966D-41DA-BB1B-A979DE23F68A}"
EndProject
Project("{FAE04EC0-301F-11D3-BF4B-00C04F79EFBC}") = "Galicia.Test.RestApi", "Galicia.Test.RestApi\Galicia.Test.RestApi.csproj", "{692E978D-8EE4-4D64-989E-9E04C5749DB0}"
EndProject
Project("{2150E333-8FDC-42A3-9474-1A3956D46DE8}") = "Solution Items", "Solution Items", "{73BBAAF2-5C67-47F2-AC02-75DD9A100AE9}"
	ProjectSection(SolutionItems) = preProject
		README.txt = README.txt
	EndProjectSection
EndProject
Project("{E53339B2-1760-4266-BCC7-CA923CBCF16C}") = "docker-compose", "docker-compose.dcproj", "{96E1D16B-6148-4057-9334-201474EDD9FB}"
EndProject
Global
	GlobalSection(SolutionConfigurationPlatforms) = preSolution
		Debug|Any CPU = Debug|Any CPU
		Release|Any CPU = Release|Any CPU
	EndGlobalSection
	GlobalSection(ProjectConfigurationPlatforms) = postSolution
		{7EA43358-FB44-4A39-9E91-7DE2AE922F25}.Debug|Any CPU.ActiveCfg = Debug|Any CPU
		{7EA43358-FB44-4A39-9E91-7DE2AE922F25}.Debug|Any CPU.Build.0 = Debug|Any CPU
		{7EA43358-FB44-4A39-9E91-7DE2AE922F25}.Release|Any CPU.ActiveCfg = Release|Any CPU
		{7EA43358-FB44-4A39-9E91-7DE2AE922F25}.Release|Any CPU.Build.0 = Release|Any CPU
		{E64A31ED-203F-43AC-A152-E3047AB76296}.Debug|Any CPU.ActiveCfg = Debug|Any CPU
		{E64A31ED-203F-43AC-A152-E3047AB76296}.Debug|Any CPU.Build.0 = Debug|Any CPU
		{E64A31ED-203F-43AC-A152-E3047AB76296}.Release|Any CPU.ActiveCfg = Release|Any CPU
		{E64A31ED-203F-43AC-A152-E3047AB76296}.Release|Any CPU.Build.0 = Release|Any CPU
		{BBAD1ED5-526F-44A8-BDF0-DD5648ABC04A}.Debug|Any CPU.ActiveCfg = Debug|Any CPU
		{BBAD1ED5-526F-44A8-BDF0-DD5648ABC04A}.Debug|Any CPU.Build.0 = Debug|Any CPU
		{BBAD1ED5-526F-44A8-BDF0-DD5648ABC04A}.Release|Any CPU.ActiveCfg = Release|Any CPU
		{BBAD1ED5-526F-44A8-BDF0-DD5648ABC04A}.Release|Any CPU.Build.0 = Release|Any CPU
		{CAF7F520-1FDC-417F-8155-85D658B6D0C8}.Debug|Any CPU.ActiveCfg = Debug|Any CPU
		{CAF7F520-1FDC-417F-8155-85D658B6D0C8}.Debug|Any CPU.Build.0 = Debug|Any CPU
		{CAF7F520-1FDC-417F-8155-85D658B6D0C8}.Release|Any CPU.ActiveCfg = Release|Any CPU
		{CAF7F520-1FDC-417F-8155-85D658B6D0C8}.Release|Any CPU.Build.0 = Release|Any CPU
		{43F8D2F0-966D-41DA-BB1B-A979DE23F68A}.Debug|Any CPU.ActiveCfg = Debug|Any CPU
		{43F8D2F0-966D-41DA-BB1B-A979DE23F68A}.Debug|Any CPU.Build.0 = Debug|Any CPU
		{43F8D2F0-966D-41DA-BB1B-A979DE23F68A}.Release|Any CPU.ActiveCfg = Release|Any CPU
		{43F8D2F0-966D-41DA-BB1B-A979DE23F68A}.Release|Any CPU.Build.0 = Release|Any CPU
		{692E978D-8EE4-4D64-989E-9E04C5749DB0}.Debug|Any CPU.ActiveCfg = Debug|Any CPU
		{692E978D-8EE4-4D64-989E-9E04C5749DB0}.Debug|Any CPU.Build.0 = Debug|Any CPU
		{692E978D-8EE4-4D64-989E-9E04C5749DB0}.Release|Any CPU.ActiveCfg = Release|Any CPU
		{692E978D-8EE4-4D64-989E-9E04C5749DB0}.Release|Any CPU.Build.0 = Release|Any CPU
		{96E1D16B-6148-4057-9334-201474EDD9FB}.Debug|Any CPU.ActiveCfg = Debug|Any CPU
		{96E1D16B-6148-4057-9334-201474EDD9FB}.Debug|Any CPU.Build.0 = Debug|Any CPU
		{96E1D16B-6148-4057-9334-201474EDD9FB}.Release|Any CPU.ActiveCfg = Release|Any CPU
		{96E1D16B-6148-4057-9334-201474EDD9FB}.Release|Any CPU.Build.0 = Release|Any CPU
	EndGlobalSection
	GlobalSection(SolutionProperties) = preSolution
		HideSolutionNode = FALSE
	EndGlobalSection
	GlobalSection(NestedProjects) = preSolution
		{7EA43358-FB44-4A39-9E91-7DE2AE922F25} = {D73B638E-21CC-46E5-A166-87CD356BF239}
		{E64A31ED-203F-43AC-A152-E3047AB76296} = {C0BD20CC-4700-40D0-91DF-F1D3BABE109F}
		{BBAD1ED5-526F-44A8-BDF0-DD5648ABC04A} = {19203211-26C7-4FA4-B957-9853D2025232}
		{CAF7F520-1FDC-417F-8155-85D658B6D0C8} = {19203211-26C7-4FA4-B957-9853D2025232}
		{43F8D2F0-966D-41DA-BB1B-A979DE23F68A} = {F3B909C1-38DA-4575-9E20-EBE362D00E77}
		{692E978D-8EE4-4D64-989E-9E04C5749DB0} = {6F2AD598-9601-470E-97FD-B2BD4FDA375D}
	EndGlobalSection
	GlobalSection(ExtensibilityGlobals) = postSolution
		SolutionGuid = {0C7CF5F6-AFE7-4917-90E2-9AD18AFFC64A}
	EndGlobalSection
EndGlobal
